
Microsoft Visual Studio Solution File, Format Version 12.00
# Visual Studio Version 17
VisualStudioVersion = 17.11.35327.3
MinimumVisualStudioVersion = 10.0.40219.1
Project("{FAE04EC0-301F-11D3-BF4B-00C04F79EFBC}") = "WeatherAppSetup", "WeatherAppSetup.csproj", "{C107475D-86F3-4FD4-A32B-9A2E97C09518}"
EndProject
Global
	GlobalSection(SolutionConfigurationPlatforms) = preSolution
		Debug|Any CPU = Debug|Any CPU
		Release|Any CPU = Release|Any CPU
	EndGlobalSection
	GlobalSection(ProjectConfigurationPlatforms) = postSolution
		{C107475D-86F3-4FD4-A32B-9A2E97C09518}.Debug|Any CPU.ActiveCfg = Debug|Any CPU
		{C107475D-86F3-4FD4-A32B-9A2E97C09518}.Debug|Any CPU.Build.0 = Debug|Any CPU
		{C107475D-86F3-4FD4-A32B-9A2E97C09518}.Release|Any CPU.ActiveCfg = Release|Any CPU
		{C107475D-86F3-4FD4-A32B-9A2E97C09518}.Release|Any CPU.Build.0 = Release|Any CPU
	EndGlobalSection
	GlobalSection(SolutionProperties) = preSolution
		HideSolutionNode = FALSE
	EndGlobalSection
	GlobalSection(ExtensibilityGlobals) = postSolution
		SolutionGuid = {66EB8775-B3D3-4B0F-9A65-8E5C53EC9011}
	EndGlobalSection
EndGlobal
